<?xml version="1.0" encoding="utf-8"?>
<Project ToolsVersion="4.0" xmlns="http://schemas.microsoft.com/developer/msbuild/2003">
  <ItemGroup>
    <Filter Include="Source Files">
      <UniqueIdentifier>{4FC737F1-C7A5-4376-A066-2A32D752A2FF}</UniqueIdentifier>
      <Extensions>cpp;c;cc;cxx;c++;cppm;ixx;def;odl;idl;hpj;bat;asm;asmx</Extensions>
    </Filter>
    <Filter Include="Header Files">
      <UniqueIdentifier>{93995380-89BD-4b04-88EB-625FBE52EBFB}</UniqueIdentifier>
      <Extensions>h;hh;hpp;hxx;h++;hm;inl;inc;ipp;xsd</Extensions>
    </Filter>
    <Filter Include="Resource Files">
      <UniqueIdentifier>{67DA6AB6-F800-4c08-8B7A-83BB121AAD01}</UniqueIdentifier>
      <Extensions>rc;ico;cur;bmp;dlg;rc2;rct;bin;rgs;gif;jpg;jpeg;jpe;resx;tiff;tif;png;wav;mfcribbon-ms</Extensions>
    </Filter>
    <Filter Include="Main">
      <UniqueIdentifier>{9ed5fe21-1cce-4c20-9824-3e8cc5538294}</UniqueIdentifier>
    </Filter>
    <Filter Include="Main\MyGAS">
      <UniqueIdentifier>{cc9b70d2-0d9b-4545-8f8a-10b271531a64}</UniqueIdentifier>
    </Filter>
  </ItemGroup>
  <ItemGroup>
    <ClInclude Include="framework.h">
      <Filter>Header Files</Filter>
    </ClInclude>
    <ClInclude Include="pch.h">
      <Filter>Header Files</Filter>
    </ClInclude>
    <ClInclude Include="MyAttributeSet_unused.h">
      <Filter>Main\MyGAS</Filter>
    </ClInclude>
    <ClInclude Include="Definitions.h">
      <Filter>Main\MyGAS</Filter>
    </ClInclude>
    <ClInclude Include="StatusEffect.h">
      <Filter>Main\MyGAS</Filter>
    </ClInclude>
    <ClInclude Include="StatusEffect_Burn.h">
      <Filter>Main\MyGAS</Filter>
    </ClInclude>
    <ClInclude Include="MyCombatantAttributeSet.h">
      <Filter>Main\MyGAS</Filter>
    </ClInclude>
    <ClInclude Include="CombatantAttributeList.h">
      <Filter>Main\MyGAS</Filter>
    </ClInclude>
    <ClInclude Include="MessengerStructs.h">
      <Filter>Main\MyGAS</Filter>
    </ClInclude>
    <ClInclude Include="StatusEffect_Bleed.h">
      <Filter>Main\MyGAS</Filter>
    </ClInclude>
  </ItemGroup>
  <ItemGroup>
    <ClCompile Include="StandaloneC++.cpp">
      <Filter>Source Files</Filter>
    </ClCompile>
    <ClCompile Include="pch.cpp">
      <Filter>Source Files</Filter>
    </ClCompile>
    <ClCompile Include="MyAttributeSet_unused.cpp">
      <Filter>Main\MyGAS</Filter>
    </ClCompile>
    <ClCompile Include="StatusEffect.cpp">
      <Filter>Main\MyGAS</Filter>
    </ClCompile>
    <ClCompile Include="StatusEffect_Burn.cpp">
      <Filter>Main\MyGAS</Filter>
    </ClCompile>
    <ClCompile Include="MyCombatantAttributeSet.cpp">
      <Filter>Main\MyGAS</Filter>
    </ClCompile>
    <ClCompile Include="StatusEffect_Bleed.cpp">
      <Filter>Main\MyGAS</Filter>
    </ClCompile>
  </ItemGroup>
</Project>